
Microsoft Visual Studio Solution File, Format Version 12.00
# Visual Studio Version 16
VisualStudioVersion = 16.0.33801.447
MinimumVisualStudioVersion = 10.0.40219.1
Project("{888888A0-9F3D-457C-B088-3A5042F75D52}") = "MPG calculator", "MPG calculator.pyproj", "{6BD3A890-EAE2-4F0C-96D9-B2C08278863A}"
EndProject
Global
	GlobalSection(SolutionConfigurationPlatforms) = preSolution
		Debug|Any CPU = Debug|Any CPU
		Release|Any CPU = Release|Any CPU
	EndGlobalSection
	GlobalSection(ProjectConfigurationPlatforms) = postSolution
		{6BD3A890-EAE2-4F0C-96D9-B2C08278863A}.Debug|Any CPU.ActiveCfg = Debug|Any CPU
		{6BD3A890-EAE2-4F0C-96D9-B2C08278863A}.Release|Any CPU.ActiveCfg = Release|Any CPU
	EndGlobalSection
	GlobalSection(SolutionProperties) = preSolution
		HideSolutionNode = FALSE
	EndGlobalSection
	GlobalSection(ExtensibilityGlobals) = postSolution
		SolutionGuid = {AC48F345-891F-4BD3-B4D7-2AAD19B4A5E2}
	EndGlobalSection
EndGlobal
